
Microsoft Visual Studio Solution File, Format Version 12.00
# Visual Studio Version 17
VisualStudioVersion = 17.14.36121.58 d17.14
MinimumVisualStudioVersion = 10.0.40219.1
Project("{54A90642-561A-4BB1-A94E-469ADEE60C69}") = "pc.group.transactions.client", "pc.group.transactions.client\pc.group.transactions.client.esproj", "{C4B98765-C655-9E13-AE5B-5E44B8AF04FB}"
EndProject
Project("{FAE04EC0-301F-11D3-BF4B-00C04F79EFBC}") = "PC.Group.Transactions.Server", "PC.Group.Transactions.Server\PC.Group.Transactions.Server.csproj", "{8E20F34B-7A99-45F9-BA42-B1FD4962AAA0}"
EndProject
Global
	GlobalSection(SolutionConfigurationPlatforms) = preSolution
		Debug|Any CPU = Debug|Any CPU
		Release|Any CPU = Release|Any CPU
	EndGlobalSection
	GlobalSection(ProjectConfigurationPlatforms) = postSolution
		{C4B98765-C655-9E13-AE5B-5E44B8AF04FB}.Debug|Any CPU.ActiveCfg = Debug|Any CPU
		{C4B98765-C655-9E13-AE5B-5E44B8AF04FB}.Debug|Any CPU.Build.0 = Debug|Any CPU
		{C4B98765-C655-9E13-AE5B-5E44B8AF04FB}.Debug|Any CPU.Deploy.0 = Debug|Any CPU
		{C4B98765-C655-9E13-AE5B-5E44B8AF04FB}.Release|Any CPU.ActiveCfg = Release|Any CPU
		{C4B98765-C655-9E13-AE5B-5E44B8AF04FB}.Release|Any CPU.Build.0 = Release|Any CPU
		{C4B98765-C655-9E13-AE5B-5E44B8AF04FB}.Release|Any CPU.Deploy.0 = Release|Any CPU
		{8E20F34B-7A99-45F9-BA42-B1FD4962AAA0}.Debug|Any CPU.ActiveCfg = Debug|Any CPU
		{8E20F34B-7A99-45F9-BA42-B1FD4962AAA0}.Debug|Any CPU.Build.0 = Debug|Any CPU
		{8E20F34B-7A99-45F9-BA42-B1FD4962AAA0}.Release|Any CPU.ActiveCfg = Release|Any CPU
		{8E20F34B-7A99-45F9-BA42-B1FD4962AAA0}.Release|Any CPU.Build.0 = Release|Any CPU
	EndGlobalSection
	GlobalSection(SolutionProperties) = preSolution
		HideSolutionNode = FALSE
	EndGlobalSection
	GlobalSection(ExtensibilityGlobals) = postSolution
		SolutionGuid = {985BFC70-BC25-4B92-808A-E1DD119FED6B}
	EndGlobalSection
EndGlobal
